// !$*UTF8*$!
{
	archiveVersion = 1;
	classes = {
	};
	objectVersion = 55;
	objects = {

/* Begin PBXBuildFile section */
		761B0D602A00997200719085 /* AiLiteracyTeacherApp.swift in Sources */ = {isa = PBXBuildFile; fileRef = 761B0D5F2A00997200719085 /* AiLiteracyTeacherApp.swift */; };
		761B0D622A00997200719085 /* ContentView.swift in Sources */ = {isa = PBXBuildFile; fileRef = 761B0D612A00997200719085 /* ContentView.swift */; };
		761B0D642A00997500719085 /* Assets.xcassets in Resources */ = {isa = PBXBuildFile; fileRef = 761B0D632A00997500719085 /* Assets.xcassets */; };
		761B0D672A00997500719085 /* Preview Assets.xcassets in Resources */ = {isa = PBXBuildFile; fileRef = 761B0D662A00997500719085 /* Preview Assets.xcassets */; };
		761B0D712A00997500719085 /* AiLiteracyTeacherTests.swift in Sources */ = {isa = PBXBuildFile; fileRef = 761B0D702A00997500719085 /* AiLiteracyTeacherTests.swift */; };
		761B0D7B2A00997500719085 /* AiLiteracyTeacherUITests.swift in Sources */ = {isa = PBXBuildFile; fileRef = 761B0D7A2A00997500719085 /* AiLiteracyTeacherUITests.swift */; };
		761B0D7D2A00997500719085 /* AiLiteracyTeacherUITestsLaunchTests.swift in Sources */ = {isa = PBXBuildFile; fileRef = 761B0D7C2A00997500719085 /* AiLiteracyTeacherUITestsLaunchTests.swift */; };
		761B0D8A2A088C4C00719085 /* ReadingView.swift in Sources */ = {isa = PBXBuildFile; fileRef = 761B0D892A088C4C00719085 /* ReadingView.swift */; };
/* End PBXBuildFile section */

/* Begin PBXContainerItemProxy section */
		761B0D6D2A00997500719085 /* PBXContainerItemProxy */ = {
			isa = PBXContainerItemProxy;
			containerPortal = 761B0D542A00997200719085 /* Project object */;
			proxyType = 1;
			remoteGlobalIDString = 761B0D5B2A00997200719085;
			remoteInfo = AiLiteracyTeacher;
		};
		761B0D772A00997500719085 /* PBXContainerItemProxy */ = {
			isa = PBXContainerItemProxy;
			containerPortal = 761B0D542A00997200719085 /* Project object */;
			proxyType = 1;
			remoteGlobalIDString = 761B0D5B2A00997200719085;
			remoteInfo = AiLiteracyTeacher;
		};
/* End PBXContainerItemProxy section */

/* Begin PBXFileReference section */
		761B0D5C2A00997200719085 /* AiLiteracyTeacher.app */ = {isa = PBXFileReference; explicitFileType = wrapper.application; includeInIndex = 0; path = AiLiteracyTeacher.app; sourceTree = BUILT_PRODUCTS_DIR; };
		761B0D5F2A00997200719085 /* AiLiteracyTeacherApp.swift */ = {isa = PBXFileReference; lastKnownFileType = sourcecode.swift; path = AiLiteracyTeacherApp.swift; sourceTree = "<group>"; };
		761B0D612A00997200719085 /* ContentView.swift */ = {isa = PBXFileReference; lastKnownFileType = sourcecode.swift; path = ContentView.swift; sourceTree = "<group>"; };
		761B0D632A00997500719085 /* Assets.xcassets */ = {isa = PBXFileReference; lastKnownFileType = folder.assetcatalog; path = Assets.xcassets; sourceTree = "<group>"; };
		761B0D662A00997500719085 /* Preview Assets.xcassets */ = {isa = PBXFileReference; lastKnownFileType = folder.assetcatalog; path = "Preview Assets.xcassets"; sourceTree = "<group>"; };
		761B0D6C2A00997500719085 /* AiLiteracyTeacherTests.xctest */ = {isa = PBXFileReference; explicitFileType = wrapper.cfbundle; includeInIndex = 0; path = AiLiteracyTeacherTests.xctest; sourceTree = BUILT_PRODUCTS_DIR; };
		761B0D702A00997500719085 /* AiLiteracyTeacherTests.swift */ = {isa = PBXFileReference; lastKnownFileType = sourcecode.swift; path = AiLiteracyTeacherTests.swift; sourceTree = "<group>"; };
		761B0D762A00997500719085 /* AiLiteracyTeacherUITests.xctest */ = {isa = PBXFileReference; explicitFileType = wrapper.cfbundle; includeInIndex = 0; path = AiLiteracyTeacherUITests.xctest; sourceTree = BUILT_PRODUCTS_DIR; };
		761B0D7A2A00997500719085 /* AiLiteracyTeacherUITests.swift */ = {isa = PBXFileReference; lastKnownFileType = sourcecode.swift; path = AiLiteracyTeacherUITests.swift; sourceTree = "<group>"; };
		761B0D7C2A00997500719085 /* AiLiteracyTeacherUITestsLaunchTests.swift */ = {isa = PBXFileReference; lastKnownFileType = sourcecode.swift; path = AiLiteracyTeacherUITestsLaunchTests.swift; sourceTree = "<group>"; };
		761B0D892A088C4C00719085 /* ReadingView.swift */ = {isa = PBXFileReference; lastKnownFileType = sourcecode.swift; path = ReadingView.swift; sourceTree = "<group>"; };
/* End PBXFileReference section */

/* Begin PBXFrameworksBuildPhase section */
		761B0D592A00997200719085 /* Frameworks */ = {
			isa = PBXFrameworksBuildPhase;
			buildActionMask = 2147483647;
			files = (
			);
			runOnlyForDeploymentPostprocessing = 0;
		};
		761B0D692A00997500719085 /* Frameworks */ = {
			isa = PBXFrameworksBuildPhase;
			buildActionMask = 2147483647;
			files = (
			);
			runOnlyForDeploymentPostprocessing = 0;
		};
		761B0D732A00997500719085 /* Frameworks */ = {
			isa = PBXFrameworksBuildPhase;
			buildActionMask = 2147483647;
			files = (
			);
			runOnlyForDeploymentPostprocessing = 0;
		};
/* End PBXFrameworksBuildPhase section */

/* Begin PBXGroup section */
		761B0D532A00997200719085 = {
			isa = PBXGroup;
			children = (
				761B0D5E2A00997200719085 /* AiLiteracyTeacher */,
				761B0D6F2A00997500719085 /* AiLiteracyTeacherTests */,
				761B0D792A00997500719085 /* AiLiteracyTeacherUITests */,
				761B0D5D2A00997200719085 /* Products */,
			);
			sourceTree = "<group>";
		};
		761B0D5D2A00997200719085 /* Products */ = {
			isa = PBXGroup;
			children = (
				761B0D5C2A00997200719085 /* AiLiteracyTeacher.app */,
				761B0D6C2A00997500719085 /* AiLiteracyTeacherTests.xctest */,
				761B0D762A00997500719085 /* AiLiteracyTeacherUITests.xctest */,
			);
			name = Products;
			sourceTree = "<group>";
		};
		761B0D5E2A00997200719085 /* AiLiteracyTeacher */ = {
			isa = PBXGroup;
			children = (
				761B0D5F2A00997200719085 /* AiLiteracyTeacherApp.swift */,
				761B0D612A00997200719085 /* ContentView.swift */,
				761B0D632A00997500719085 /* Assets.xcassets */,
				761B0D652A00997500719085 /* Preview Content */,
				761B0D892A088C4C00719085 /* ReadingView.swift */,
			);
			path = AiLiteracyTeacher;
			sourceTree = "<group>";
		};
		761B0D652A00997500719085 /* Preview Content */ = {
			isa = PBXGroup;
			children = (
				761B0D662A00997500719085 /* Preview Assets.xcassets */,
			);
			path = "Preview Content";
			sourceTree = "<group>";
		};
		761B0D6F2A00997500719085 /* AiLiteracyTeacherTests */ = {
			isa = PBXGroup;
			children = (
				761B0D702A00997500719085 /* AiLiteracyTeacherTests.swift */,
			);
			path = AiLiteracyTeacherTests;
			sourceTree = "<group>";
		};
		761B0D792A00997500719085 /* AiLiteracyTeacherUITests */ = {
			isa = PBXGroup;
			children = (
				761B0D7A2A00997500719085 /* AiLiteracyTeacherUITests.swift */,
				761B0D7C2A00997500719085 /* AiLiteracyTeacherUITestsLaunchTests.swift */,
			);
			path = AiLiteracyTeacherUITests;
			sourceTree = "<group>";
		};
/* End PBXGroup section */

/* Begin PBXNativeTarget section */
		761B0D5B2A00997200719085 /* AiLiteracyTeacher */ = {
			isa = PBXNativeTarget;
			buildConfigurationList = 761B0D802A00997500719085 /* Build configuration list for PBXNativeTarget "AiLiteracyTeacher" */;
			buildPhases = (
				761B0D582A00997200719085 /* Sources */,
				761B0D592A00997200719085 /* Frameworks */,
				761B0D5A2A00997200719085 /* Resources */,
			);
			buildRules = (
			);
			dependencies = (
			);
			name = AiLiteracyTeacher;
			productName = AiLiteracyTeacher;
			productReference = 761B0D5C2A00997200719085 /* AiLiteracyTeacher.app */;
			productType = "com.apple.product-type.application";
		};
		761B0D6B2A00997500719085 /* AiLiteracyTeacherTests */ = {
			isa = PBXNativeTarget;
			buildConfigurationList = 761B0D832A00997500719085 /* Build configuration list for PBXNativeTarget "AiLiteracyTeacherTests" */;
			buildPhases = (
				761B0D682A00997500719085 /* Sources */,
				761B0D692A00997500719085 /* Frameworks */,
				761B0D6A2A00997500719085 /* Resources */,
			);
			buildRules = (
			);
			dependencies = (
				761B0D6E2A00997500719085 /* PBXTargetDependency */,
			);
			name = AiLiteracyTeacherTests;
			productName = AiLiteracyTeacherTests;
			productReference = 761B0D6C2A00997500719085 /* AiLiteracyTeacherTests.xctest */;
			productType = "com.apple.product-type.bundle.unit-test";
		};
		761B0D752A00997500719085 /* AiLiteracyTeacherUITests */ = {
			isa = PBXNativeTarget;
			buildConfigurationList = 761B0D862A00997500719085 /* Build configuration list for PBXNativeTarget "AiLiteracyTeacherUITests" */;
			buildPhases = (
				761B0D722A00997500719085 /* Sources */,
				761B0D732A00997500719085 /* Frameworks */,
				761B0D742A00997500719085 /* Resources */,
			);
			buildRules = (
			);
			dependencies = (
				761B0D782A00997500719085 /* PBXTargetDependency */,
			);
			name = AiLiteracyTeacherUITests;
			productName = AiLiteracyTeacherUITests;
			productReference = 761B0D762A00997500719085 /* AiLiteracyTeacherUITests.xctest */;
			productType = "com.apple.product-type.bundle.ui-testing";
		};
/* End PBXNativeTarget section */

/* Begin PBXProject section */
		761B0D542A00997200719085 /* Project object */ = {
			isa = PBXProject;
			attributes = {
				BuildIndependentTargetsInParallel = 1;
				LastSwiftUpdateCheck = 1340;
				LastUpgradeCheck = 1340;
				TargetAttributes = {
					761B0D5B2A00997200719085 = {
						CreatedOnToolsVersion = 13.4.1;
					};
					761B0D6B2A00997500719085 = {
						CreatedOnToolsVersion = 13.4.1;
						TestTargetID = 761B0D5B2A00997200719085;
					};
					761B0D752A00997500719085 = {
						CreatedOnToolsVersion = 13.4.1;
						TestTargetID = 761B0D5B2A00997200719085;
					};
				};
			};
			buildConfigurationList = 761B0D572A00997200719085 /* Build configuration list for PBXProject "AiLiteracyTeacher" */;
			compatibilityVersion = "Xcode 13.0";
			developmentRegion = en;
			hasScannedForEncodings = 0;
			knownRegions = (
				en,
				Base,
			);
			mainGroup = 761B0D532A00997200719085;
			productRefGroup = 761B0D5D2A00997200719085 /* Products */;
			projectDirPath = "";
			projectRoot = "";
			targets = (
				761B0D5B2A00997200719085 /* AiLiteracyTeacher */,
				761B0D6B2A00997500719085 /* AiLiteracyTeacherTests */,
				761B0D752A00997500719085 /* AiLiteracyTeacherUITests */,
			);
		};
/* End PBXProject section */

/* Begin PBXResourcesBuildPhase section */
		761B0D5A2A00997200719085 /* Resources */ = {
			isa = PBXResourcesBuildPhase;
			buildActionMask = 2147483647;
			files = (
				761B0D672A00997500719085 /* Preview Assets.xcassets in Resources */,
				761B0D642A00997500719085 /* Assets.xcassets in Resources */,
			);
			runOnlyForDeploymentPostprocessing = 0;
		};
		761B0D6A2A00997500719085 /* Resources */ = {
			isa = PBXResourcesBuildPhase;
			buildActionMask = 2147483647;
			files = (
			);
			runOnlyForDeploymentPostprocessing = 0;
		};
		761B0D742A00997500719085 /* Resources */ = {
			isa = PBXResourcesBuildPhase;
			buildActionMask = 2147483647;
			files = (
			);
			runOnlyForDeploymentPostprocessing = 0;
		};
/* End PBXResourcesBuildPhase section */

/* Begin PBXSourcesBuildPhase section */
		761B0D582A00997200719085 /* Sources */ = {
			isa = PBXSourcesBuildPhase;
			buildActionMask = 2147483647;
			files = (
				761B0D8A2A088C4C00719085 /* ReadingView.swift in Sources */,
				761B0D622A00997200719085 /* ContentView.swift in Sources */,
				761B0D602A00997200719085 /* AiLiteracyTeacherApp.swift in Sources */,
			);
			runOnlyForDeploymentPostprocessing = 0;
		};
		761B0D682A00997500719085 /* Sources */ = {
			isa = PBXSourcesBuildPhase;
			buildActionMask = 2147483647;
			files = (
				761B0D712A00997500719085 /* AiLiteracyTeacherTests.swift in Sources */,
			);
			runOnlyForDeploymentPostprocessing = 0;
		};
		761B0D722A00997500719085 /* Sources */ = {
			isa = PBXSourcesBuildPhase;
			buildActionMask = 2147483647;
			files = (
				761B0D7D2A00997500719085 /* AiLiteracyTeacherUITestsLaunchTests.swift in Sources */,
				761B0D7B2A00997500719085 /* AiLiteracyTeacherUITests.swift in Sources */,
			);
			runOnlyForDeploymentPostprocessing = 0;
		};
/* End PBXSourcesBuildPhase section */

/* Begin PBXTargetDependency section */
		761B0D6E2A00997500719085 /* PBXTargetDependency */ = {
			isa = PBXTargetDependency;
			target = 761B0D5B2A00997200719085 /* AiLiteracyTeacher */;
			targetProxy = 761B0D6D2A00997500719085 /* PBXContainerItemProxy */;
		};
		761B0D782A00997500719085 /* PBXTargetDependency */ = {
			isa = PBXTargetDependency;
			target = 761B0D5B2A00997200719085 /* AiLiteracyTeacher */;
			targetProxy = 761B0D772A00997500719085 /* PBXContainerItemProxy */;
		};
/* End PBXTargetDependency section */

/* Begin XCBuildConfiguration section */
		761B0D7E2A00997500719085 /* Debug */ = {
			isa = XCBuildConfiguration;
			buildSettings = {
				ALWAYS_SEARCH_USER_PATHS = NO;
				CLANG_ANALYZER_NONNULL = YES;
				CLANG_ANALYZER_NUMBER_OBJECT_CONVERSION = YES_AGGRESSIVE;
				CLANG_CXX_LANGUAGE_STANDARD = "gnu++17";
				CLANG_ENABLE_MODULES = YES;
				CLANG_ENABLE_OBJC_ARC = YES;
				CLANG_ENABLE_OBJC_WEAK = YES;
				CLANG_WARN_BLOCK_CAPTURE_AUTORELEASING = YES;
				CLANG_WARN_BOOL_CONVERSION = YES;
				CLANG_WARN_COMMA = YES;
				CLANG_WARN_CONSTANT_CONVERSION = YES;
				CLANG_WARN_DEPRECATED_OBJC_IMPLEMENTATIONS = YES;
				CLANG_WARN_DIRECT_OBJC_ISA_USAGE = YES_ERROR;
				CLANG_WARN_DOCUMENTATION_COMMENTS = YES;
				CLANG_WARN_EMPTY_BODY = YES;
				CLANG_WARN_ENUM_CONVERSION = YES;
				CLANG_WARN_INFINITE_RECURSION = YES;
				CLANG_WARN_INT_CONVERSION = YES;
				CLANG_WARN_NON_LITERAL_NULL_CONVERSION = YES;
				CLANG_WARN_OBJC_IMPLICIT_RETAIN_SELF = YES;
				CLANG_WARN_OBJC_LITERAL_CONVERSION = YES;
				CLANG_WARN_OBJC_ROOT_CLASS = YES_ERROR;
				CLANG_WARN_QUOTED_INCLUDE_IN_FRAMEWORK_HEADER = YES;
				CLANG_WARN_RANGE_LOOP_ANALYSIS = YES;
				CLANG_WARN_STRICT_PROTOTYPES = YES;
				CLANG_WARN_SUSPICIOUS_MOVE = YES;
				CLANG_WARN_UNGUARDED_AVAILABILITY = YES_AGGRESSIVE;
				CLANG_WARN_UNREACHABLE_CODE = YES;
				CLANG_WARN__DUPLICATE_METHOD_MATCH = YES;
				COPY_PHASE_STRIP = NO;
				DEBUG_INFORMATION_FORMAT = dwarf;
				ENABLE_STRICT_OBJC_MSGSEND = YES;
				ENABLE_TESTABILITY = YES;
				GCC_C_LANGUAGE_STANDARD = gnu11;
				GCC_DYNAMIC_NO_PIC = NO;
				GCC_NO_COMMON_BLOCKS = YES;
				GCC_OPTIMIZATION_LEVEL = 0;
				GCC_PREPROCESSOR_DEFINITIONS = (
					"DEBUG=1",
					"$(inherited)",
				);
				GCC_WARN_64_TO_32_BIT_CONVERSION = YES;
				GCC_WARN_ABOUT_RETURN_TYPE = YES_ERROR;
				GCC_WARN_UNDECLARED_SELECTOR = YES;
				GCC_WARN_UNINITIALIZED_AUTOS = YES_AGGRESSIVE;
				GCC_WARN_UNUSED_FUNCTION = YES;
				GCC_WARN_UNUSED_VARIABLE = YES;
				IPHONEOS_DEPLOYMENT_TARGET = 14.4;
				MTL_ENABLE_DEBUG_INFO = INCLUDE_SOURCE;
				MTL_FAST_MATH = YES;
				ONLY_ACTIVE_ARCH = YES;
				SDKROOT = iphoneos;
				SWIFT_ACTIVE_COMPILATION_CONDITIONS = DEBUG;
				SWIFT_OPTIMIZATION_LEVEL = "-Onone";
			};
			name = Debug;
		};
		761B0D7F2A00997500719085 /* Release */ = {
			isa = XCBuildConfiguration;
			buildSettings = {
				ALWAYS_SEARCH_USER_PATHS = NO;
				CLANG_ANALYZER_NONNULL = YES;
				CLANG_ANALYZER_NUMBER_OBJECT_CONVERSION = YES_AGGRESSIVE;
				CLANG_CXX_LANGUAGE_STANDARD = "gnu++17";
				CLANG_ENABLE_MODULES = YES;
				CLANG_ENABLE_OBJC_ARC = YES;
				CLANG_ENABLE_OBJC_WEAK = YES;
				CLANG_WARN_BLOCK_CAPTURE_AUTORELEASING = YES;
				CLANG_WARN_BOOL_CONVERSION = YES;
				CLANG_WARN_COMMA = YES;
				CLANG_WARN_CONSTANT_CONVERSION = YES;
				CLANG_WARN_DEPRECATED_OBJC_IMPLEMENTATIONS = YES;
				CLANG_WARN_DIRECT_OBJC_ISA_USAGE = YES_ERROR;
				CLANG_WARN_DOCUMENTATION_COMMENTS = YES;
				CLANG_WARN_EMPTY_BODY = YES;
				CLANG_WARN_ENUM_CONVERSION = YES;
				CLANG_WARN_INFINITE_RECURSION = YES;
				CLANG_WARN_INT_CONVERSION = YES;
				CLANG_WARN_NON_LITERAL_NULL_CONVERSION = YES;
				CLANG_WARN_OBJC_IMPLICIT_RETAIN_SELF = YES;
				CLANG_WARN_OBJC_LITERAL_CONVERSION = YES;
				CLANG_WARN_OBJC_ROOT_CLASS = YES_ERROR;
				CLANG_WARN_QUOTED_INCLUDE_IN_FRAMEWORK_HEADER = YES;
				CLANG_WARN_RANGE_LOOP_ANALYSIS = YES;
				CLANG_WARN_STRICT_PROTOTYPES = YES;
				CLANG_WARN_SUSPICIOUS_MOVE = YES;
				CLANG_WARN_UNGUARDED_AVAILABILITY = YES_AGGRESSIVE;
				CLANG_WARN_UNREACHABLE_CODE = YES;
				CLANG_WARN__DUPLICATE_METHOD_MATCH = YES;
				COPY_PHASE_STRIP = NO;
				DEBUG_INFORMATION_FORMAT = "dwarf-with-dsym";
				ENABLE_NS_ASSERTIONS = NO;
				ENABLE_STRICT_OBJC_MSGSEND = YES;
				GCC_C_LANGUAGE_STANDARD = gnu11;
				GCC_NO_COMMON_BLOCKS = YES;
				GCC_WARN_64_TO_32_BIT_CONVERSION = YES;
				GCC_WARN_ABOUT_RETURN_TYPE = YES_ERROR;
				GCC_WARN_UNDECLARED_SELECTOR = YES;
				GCC_WARN_UNINITIALIZED_AUTOS = YES_AGGRESSIVE;
				GCC_WARN_UNUSED_FUNCTION = YES;
				GCC_WARN_UNUSED_VARIABLE = YES;
				IPHONEOS_DEPLOYMENT_TARGET = 14.4;
				MTL_ENABLE_DEBUG_INFO = NO;
				MTL_FAST_MATH = YES;
				SDKROOT = iphoneos;
				SWIFT_COMPILATION_MODE = wholemodule;
				SWIFT_OPTIMIZATION_LEVEL = "-O";
				VALIDATE_PRODUCT = YES;
			};
			name = Release;
		};
		761B0D812A00997500719085 /* Debug */ = {
			isa = XCBuildConfiguration;
			buildSettings = {
				ASSETCATALOG_COMPILER_APPICON_NAME = AppIcon;
				ASSETCATALOG_COMPILER_GLOBAL_ACCENT_COLOR_NAME = AccentColor;
				CODE_SIGN_STYLE = Automatic;
				CURRENT_PROJECT_VERSION = 1;
				DEVELOPMENT_ASSET_PATHS = "\"AiLiteracyTeacher/Preview Content\"";
				ENABLE_PREVIEWS = YES;
				GENERATE_INFOPLIST_FILE = YES;
				INFOPLIST_KEY_UIApplicationSceneManifest_Generation = YES;
				INFOPLIST_KEY_UIApplicationSupportsIndirectInputEvents = YES;
				INFOPLIST_KEY_UILaunchScreen_Generation = YES;
				INFOPLIST_KEY_UISupportedInterfaceOrientations_iPad = "UIInterfaceOrientationPortrait UIInterfaceOrientationPortraitUpsideDown UIInterfaceOrientationLandscapeLeft UIInterfaceOrientationLandscapeRight";
				INFOPLIST_KEY_UISupportedInterfaceOrientations_iPhone = "UIInterfaceOrientationPortrait UIInterfaceOrientationLandscapeLeft UIInterfaceOrientationLandscapeRight";
				LD_RUNPATH_SEARCH_PATHS = (
					"$(inherited)",
					"@executable_path/Frameworks",
				);
				MARKETING_VERSION = 1.0;
				PRODUCT_BUNDLE_IDENTIFIER = personal.AiLiteracyTeacher;
				PRODUCT_NAME = "$(TARGET_NAME)";
				SWIFT_EMIT_LOC_STRINGS = YES;
				SWIFT_VERSION = 5.0;
				TARGETED_DEVICE_FAMILY = "1,2";
			};
			name = Debug;
		};
		761B0D822A00997500719085 /* Release */ = {
			isa = XCBuildConfiguration;
			buildSettings = {
				ASSETCATALOG_COMPILER_APPICON_NAME = AppIcon;
				ASSETCATALOG_COMPILER_GLOBAL_ACCENT_COLOR_NAME = AccentColor;
				CODE_SIGN_STYLE = Automatic;
				CURRENT_PROJECT_VERSION = 1;
				DEVELOPMENT_ASSET_PATHS = "\"AiLiteracyTeacher/Preview Content\"";
				ENABLE_PREVIEWS = YES;
				GENERATE_INFOPLIST_FILE = YES;
				INFOPLIST_KEY_UIApplicationSceneManifest_Generation = YES;
				INFOPLIST_KEY_UIApplicationSupportsIndirectInputEvents = YES;
				INFOPLIST_KEY_UILaunchScreen_Generation = YES;
				INFOPLIST_KEY_UISupportedInterfaceOrientations_iPad = "UIInterfaceOrientationPortrait UIInterfaceOrientationPortraitUpsideDown UIInterfaceOrientationLandscapeLeft UIInterfaceOrientationLandscapeRight";
				INFOPLIST_KEY_UISupportedInterfaceOrientations_iPhone = "UIInterfaceOrientationPortrait UIInterfaceOrientationLandscapeLeft UIInterfaceOrientationLandscapeRight";
				LD_RUNPATH_SEARCH_PATHS = (
					"$(inherited)",
					"@executable_path/Frameworks",
				);
				MARKETING_VERSION = 1.0;
				PRODUCT_BUNDLE_IDENTIFIER = personal.AiLiteracyTeacher;
				PRODUCT_NAME = "$(TARGET_NAME)";
				SWIFT_EMIT_LOC_STRINGS = YES;
				SWIFT_VERSION = 5.0;
				TARGETED_DEVICE_FAMILY = "1,2";
			};
			name = Release;
		};
		761B0D842A00997500719085 /* Debug */ = {
			isa = XCBuildConfiguration;
			buildSettings = {
				ALWAYS_EMBED_SWIFT_STANDARD_LIBRARIES = YES;
				BUNDLE_LOADER = "$(TEST_HOST)";
				CODE_SIGN_STYLE = Automatic;
				CURRENT_PROJECT_VERSION = 1;
				GENERATE_INFOPLIST_FILE = YES;
				IPHONEOS_DEPLOYMENT_TARGET = 15.5;
				MARKETING_VERSION = 1.0;
				PRODUCT_BUNDLE_IDENTIFIER = personal.AiLiteracyTeacherTests;
				PRODUCT_NAME = "$(TARGET_NAME)";
				SWIFT_EMIT_LOC_STRINGS = NO;
				SWIFT_VERSION = 5.0;
				TARGETED_DEVICE_FAMILY = "1,2";
				TEST_HOST = "$(BUILT_PRODUCTS_DIR)/AiLiteracyTeacher.app/AiLiteracyTeacher";
			};
			name = Debug;
		};
		761B0D852A00997500719085 /* Release */ = {
			isa = XCBuildConfiguration;
			buildSettings = {
				ALWAYS_EMBED_SWIFT_STANDARD_LIBRARIES = YES;
				BUNDLE_LOADER = "$(TEST_HOST)";
				CODE_SIGN_STYLE = Automatic;
				CURRENT_PROJECT_VERSION = 1;
				GENERATE_INFOPLIST_FILE = YES;
				IPHONEOS_DEPLOYMENT_TARGET = 15.5;
				MARKETING_VERSION = 1.0;
				PRODUCT_BUNDLE_IDENTIFIER = personal.AiLiteracyTeacherTests;
				PRODUCT_NAME = "$(TARGET_NAME)";
				SWIFT_EMIT_LOC_STRINGS = NO;
				SWIFT_VERSION = 5.0;
				TARGETED_DEVICE_FAMILY = "1,2";
				TEST_HOST = "$(BUILT_PRODUCTS_DIR)/AiLiteracyTeacher.app/AiLiteracyTeacher";
			};
			name = Release;
		};
		761B0D872A00997500719085 /* Debug */ = {
			isa = XCBuildConfiguration;
			buildSettings = {
				ALWAYS_EMBED_SWIFT_STANDARD_LIBRARIES = YES;
				CODE_SIGN_STYLE = Automatic;
				CURRENT_PROJECT_VERSION = 1;
				GENERATE_INFOPLIST_FILE = YES;
				MARKETING_VERSION = 1.0;
				PRODUCT_BUNDLE_IDENTIFIER = personal.AiLiteracyTeacherUITests;
				PRODUCT_NAME = "$(TARGET_NAME)";
				SWIFT_EMIT_LOC_STRINGS = NO;
				SWIFT_VERSION = 5.0;
				TARGETED_DEVICE_FAMILY = "1,2";
				TEST_TARGET_NAME = AiLiteracyTeacher;
			};
			name = Debug;
		};
		761B0D882A00997500719085 /* Release */ = {
			isa = XCBuildConfiguration;
			buildSettings = {
				ALWAYS_EMBED_SWIFT_STANDARD_LIBRARIES = YES;
				CODE_SIGN_STYLE = Automatic;
				CURRENT_PROJECT_VERSION = 1;
				GENERATE_INFOPLIST_FILE = YES;
				MARKETING_VERSION = 1.0;
				PRODUCT_BUNDLE_IDENTIFIER = personal.AiLiteracyTeacherUITests;
				PRODUCT_NAME = "$(TARGET_NAME)";
				SWIFT_EMIT_LOC_STRINGS = NO;
				SWIFT_VERSION = 5.0;
				TARGETED_DEVICE_FAMILY = "1,2";
				TEST_TARGET_NAME = AiLiteracyTeacher;
			};
			name = Release;
		};
/* End XCBuildConfiguration section */

/* Begin XCConfigurationList section */
		761B0D572A00997200719085 /* Build configuration list for PBXProject "AiLiteracyTeacher" */ = {
			isa = XCConfigurationList;
			buildConfigurations = (
				761B0D7E2A00997500719085 /* Debug */,
				761B0D7F2A00997500719085 /* Release */,
			);
			defaultConfigurationIsVisible = 0;
			defaultConfigurationName = Release;
		};
		761B0D802A00997500719085 /* Build configuration list for PBXNativeTarget "AiLiteracyTeacher" */ = {
			isa = XCConfigurationList;
			buildConfigurations = (
				761B0D812A00997500719085 /* Debug */,
				761B0D822A00997500719085 /* Release */,
			);
			defaultConfigurationIsVisible = 0;
			defaultConfigurationName = Release;
		};
		761B0D832A00997500719085 /* Build configuration list for PBXNativeTarget "AiLiteracyTeacherTests" */ = {
			isa = XCConfigurationList;
			buildConfigurations = (
				761B0D842A00997500719085 /* Debug */,
				761B0D852A00997500719085 /* Release */,
			);
			defaultConfigurationIsVisible = 0;
			defaultConfigurationName = Release;
		};
		761B0D862A00997500719085 /* Build configuration list for PBXNativeTarget "AiLiteracyTeacherUITests" */ = {
			isa = XCConfigurationList;
			buildConfigurations = (
				761B0D872A00997500719085 /* Debug */,
				761B0D882A00997500719085 /* Release */,
			);
			defaultConfigurationIsVisible = 0;
			defaultConfigurationName = Release;
		};
/* End XCConfigurationList section */
	};
	rootObject = 761B0D542A00997200719085 /* Project object */;
}
